
Microsoft Visual Studio Solution File, Format Version 12.00
# Visual Studio Version 17
VisualStudioVersion = 17.10.35122.118
MinimumVisualStudioVersion = 10.0.40219.1
Project("{888888A0-9F3D-457C-B088-3A5042F75D52}") = "ClipMate", "ClipMate\ClipMate.pyproj", "{C14A8972-059B-4655-AFD5-605548D5978B}"
EndProject
Global
	GlobalSection(SolutionConfigurationPlatforms) = preSolution
		Debug|Any CPU = Debug|Any CPU
		Release|Any CPU = Release|Any CPU
	EndGlobalSection
	GlobalSection(ProjectConfigurationPlatforms) = postSolution
		{C14A8972-059B-4655-AFD5-605548D5978B}.Debug|Any CPU.ActiveCfg = Debug|Any CPU
		{C14A8972-059B-4655-AFD5-605548D5978B}.Release|Any CPU.ActiveCfg = Release|Any CPU
	EndGlobalSection
	GlobalSection(SolutionProperties) = preSolution
		HideSolutionNode = FALSE
	EndGlobalSection
	GlobalSection(ExtensibilityGlobals) = postSolution
		SolutionGuid = {9C6E5376-0D85-4CC7-BDA6-707F624B2DE0}
	EndGlobalSection
EndGlobal
